
Microsoft Visual Studio Solution File, Format Version 12.00
# Visual Studio Version 16
VisualStudioVersion = 16.0.810.6
MinimumVisualStudioVersion = 10.0.40219.1
Project("{FAE04EC0-301F-11D3-BF4B-00C04F79EFBC}") = "dotnet-api-cqrs.api", "dotnet-api-cqrs.api\dotnet-api-cqrs.api.csproj", "{B1497A0E-008D-4C89-B291-7E4FD0A7B93B}"
EndProject
Project("{FAE04EC0-301F-11D3-BF4B-00C04F79EFBC}") = "dotnet-api-cqrs.data", "dotnet-api-cqrs.data\dotnet-api-cqrs.data.csproj", "{8549BCEE-10E1-4A92-9128-E5E4E89F434E}"
EndProject
Project("{FAE04EC0-301F-11D3-BF4B-00C04F79EFBC}") = "dotnet-api-cqrs.services", "dotnet-api-cqrs.services\dotnet-api-cqrs.services.csproj", "{4EB3D66F-E916-498B-9E32-2529F48AA491}"
EndProject
Project("{FAE04EC0-301F-11D3-BF4B-00C04F79EFBC}") = "dotnet-api-cqrs.tests", "dotnet-api-cqrs.tests\dotnet-api-cqrs.tests.csproj", "{A79236EB-E635-4AA2-AEED-E10530EDF9BC}"
EndProject
Project("{FAE04EC0-301F-11D3-BF4B-00C04F79EFBC}") = "dotnet-api-cqrs.contracts", "dotnet-api-cqrs.contracts\dotnet-api-cqrs.contracts.csproj", "{E852D82C-8D88-4651-AAB2-323A614A30B3}"
EndProject
Global
	GlobalSection(SolutionConfigurationPlatforms) = preSolution
		Debug|Any CPU = Debug|Any CPU
		Release|Any CPU = Release|Any CPU
	EndGlobalSection
	GlobalSection(ProjectConfigurationPlatforms) = postSolution
		{B1497A0E-008D-4C89-B291-7E4FD0A7B93B}.Debug|Any CPU.ActiveCfg = Debug|Any CPU
		{B1497A0E-008D-4C89-B291-7E4FD0A7B93B}.Debug|Any CPU.Build.0 = Debug|Any CPU
		{B1497A0E-008D-4C89-B291-7E4FD0A7B93B}.Release|Any CPU.ActiveCfg = Release|Any CPU
		{B1497A0E-008D-4C89-B291-7E4FD0A7B93B}.Release|Any CPU.Build.0 = Release|Any CPU
		{8549BCEE-10E1-4A92-9128-E5E4E89F434E}.Debug|Any CPU.ActiveCfg = Debug|Any CPU
		{8549BCEE-10E1-4A92-9128-E5E4E89F434E}.Debug|Any CPU.Build.0 = Debug|Any CPU
		{8549BCEE-10E1-4A92-9128-E5E4E89F434E}.Release|Any CPU.ActiveCfg = Release|Any CPU
		{8549BCEE-10E1-4A92-9128-E5E4E89F434E}.Release|Any CPU.Build.0 = Release|Any CPU
		{4EB3D66F-E916-498B-9E32-2529F48AA491}.Debug|Any CPU.ActiveCfg = Debug|Any CPU
		{4EB3D66F-E916-498B-9E32-2529F48AA491}.Debug|Any CPU.Build.0 = Debug|Any CPU
		{4EB3D66F-E916-498B-9E32-2529F48AA491}.Release|Any CPU.ActiveCfg = Release|Any CPU
		{4EB3D66F-E916-498B-9E32-2529F48AA491}.Release|Any CPU.Build.0 = Release|Any CPU
		{A79236EB-E635-4AA2-AEED-E10530EDF9BC}.Debug|Any CPU.ActiveCfg = Debug|Any CPU
		{A79236EB-E635-4AA2-AEED-E10530EDF9BC}.Debug|Any CPU.Build.0 = Debug|Any CPU
		{A79236EB-E635-4AA2-AEED-E10530EDF9BC}.Release|Any CPU.ActiveCfg = Release|Any CPU
		{A79236EB-E635-4AA2-AEED-E10530EDF9BC}.Release|Any CPU.Build.0 = Release|Any CPU
		{E852D82C-8D88-4651-AAB2-323A614A30B3}.Debug|Any CPU.ActiveCfg = Debug|Any CPU
		{E852D82C-8D88-4651-AAB2-323A614A30B3}.Debug|Any CPU.Build.0 = Debug|Any CPU
		{E852D82C-8D88-4651-AAB2-323A614A30B3}.Release|Any CPU.ActiveCfg = Release|Any CPU
		{E852D82C-8D88-4651-AAB2-323A614A30B3}.Release|Any CPU.Build.0 = Release|Any CPU
	EndGlobalSection
	GlobalSection(SolutionProperties) = preSolution
		HideSolutionNode = FALSE
	EndGlobalSection
	GlobalSection(ExtensibilityGlobals) = postSolution
		SolutionGuid = {296A4785-80C0-4C11-AA15-202FB177ACCA}
	EndGlobalSection
EndGlobal
